{
  "nodes": {
    "crowdsec": {
      "inputs": {
        "flake-utils": "flake-utils",
        "nixpkgs": [
          "nixpkgs"
        ]
      },
      "locked": {
        "dirtyRev": "6c7253f51ca6ff01490ef8e8d971e99d121f5085-dirty",
        "dirtyShortRev": "6c7253f-dirty",
        "lastModified": 1710962993,
        "narHash": "sha256-6gV/pxz8j6n0VVluiv79iMVasZ1HHPQzUy7ZTa7F+Uc=",
        "type": "git",
        "url": "file:///home/rhousand/repos/nix-flake-crowdsec"
      },
      "original": {
        "type": "git",
        "url": "file:///home/rhousand/repos/nix-flake-crowdsec"
      }
    },
    "flake-utils": {
      "inputs": {
        "systems": "systems"
      },
      "locked": {
        "lastModified": 1694529238,
        "narHash": "sha256-zsNZZGTGnMOf9YpHKJqMSsa0dXbfmxeoJ7xHlrt+xmY=",
        "owner": "numtide",
        "repo": "flake-utils",
        "rev": "ff7b65b44d01cf9ba6a71320833626af21126384",
        "type": "github"
      },
      "original": {
        "id": "flake-utils",
        "type": "indirect"
      }
    },
    "home-manager": {
      "inputs": {
        "nixpkgs": [
          "nixpkgs"
        ]
      },
      "locked": {
        "lastModified": 1714042918,
        "narHash": "sha256-4AItZA3EQIiSNAxliuYEJumw/LaVfrMv84gYyrs0r3U=",
        "owner": "nix-community",
        "repo": "home-manager",
        "rev": "0c5704eceefcb7bb238a958f532a86e3b59d76db",
        "type": "github"
      },
      "original": {
        "owner": "nix-community",
        "repo": "home-manager",
        "type": "github"
      }
    },
    "nixpkgs": {
      "locked": {
        "lastModified": 1713895582,
        "narHash": "sha256-cfh1hi+6muQMbi9acOlju3V1gl8BEaZBXBR9jQfQi4U=",
        "owner": "NixOS",
        "repo": "nixpkgs",
        "rev": "572af610f6151fd41c212f897c71f7056e3fb518",
        "type": "github"
      },
      "original": {
        "owner": "NixOS",
        "ref": "nixos-unstable",
        "repo": "nixpkgs",
        "type": "github"
      }
    },
    "root": {
      "inputs": {
        "crowdsec": "crowdsec",
        "home-manager": "home-manager",
        "nixpkgs": "nixpkgs"
      }
    },
    "systems": {
      "locked": {
        "lastModified": 1681028828,
        "narHash": "sha256-Vy1rq5AaRuLzOxct8nz4T6wlgyUR7zLU309k9mBC768=",
        "owner": "nix-systems",
        "repo": "default",
        "rev": "da67096a3b9bf56a91d16901293e51ba5b49a27e",
        "type": "github"
      },
      "original": {
        "owner": "nix-systems",
        "repo": "default",
        "type": "github"
      }
    }
  },
  "root": "root",
  "version": 7
}
